
Microsoft Visual Studio Solution File, Format Version 12.00
# Visual Studio Version 16
VisualStudioVersion = 16.0.31313.79
MinimumVisualStudioVersion = 10.0.40219.1
Project("{FAE04EC0-301F-11D3-BF4B-00C04F79EFBC}") = "proyectoPokedex", "proyectoPokedex.csproj", "{7294CE43-7961-4163-8062-2625654285FB}"
EndProject
Project("{FAE04EC0-301F-11D3-BF4B-00C04F79EFBC}") = "Controlodores", "..\Controlodores\Controlodores.csproj", "{66D8455C-A650-45BC-A3CF-385288EF94EC}"
EndProject
Project("{FAE04EC0-301F-11D3-BF4B-00C04F79EFBC}") = "Modelos", "..\Modelos\Modelos.csproj", "{FD506102-65DA-4831-A438-510967CE85B2}"
EndProject
Global
	GlobalSection(SolutionConfigurationPlatforms) = preSolution
		Debug|Any CPU = Debug|Any CPU
		Release|Any CPU = Release|Any CPU
	EndGlobalSection
	GlobalSection(ProjectConfigurationPlatforms) = postSolution
		{7294CE43-7961-4163-8062-2625654285FB}.Debug|Any CPU.ActiveCfg = Debug|Any CPU
		{7294CE43-7961-4163-8062-2625654285FB}.Debug|Any CPU.Build.0 = Debug|Any CPU
		{7294CE43-7961-4163-8062-2625654285FB}.Release|Any CPU.ActiveCfg = Release|Any CPU
		{7294CE43-7961-4163-8062-2625654285FB}.Release|Any CPU.Build.0 = Release|Any CPU
		{66D8455C-A650-45BC-A3CF-385288EF94EC}.Debug|Any CPU.ActiveCfg = Debug|Any CPU
		{66D8455C-A650-45BC-A3CF-385288EF94EC}.Debug|Any CPU.Build.0 = Debug|Any CPU
		{66D8455C-A650-45BC-A3CF-385288EF94EC}.Release|Any CPU.ActiveCfg = Release|Any CPU
		{66D8455C-A650-45BC-A3CF-385288EF94EC}.Release|Any CPU.Build.0 = Release|Any CPU
		{FD506102-65DA-4831-A438-510967CE85B2}.Debug|Any CPU.ActiveCfg = Debug|Any CPU
		{FD506102-65DA-4831-A438-510967CE85B2}.Debug|Any CPU.Build.0 = Debug|Any CPU
		{FD506102-65DA-4831-A438-510967CE85B2}.Release|Any CPU.ActiveCfg = Release|Any CPU
		{FD506102-65DA-4831-A438-510967CE85B2}.Release|Any CPU.Build.0 = Release|Any CPU
	EndGlobalSection
	GlobalSection(SolutionProperties) = preSolution
		HideSolutionNode = FALSE
	EndGlobalSection
	GlobalSection(ExtensibilityGlobals) = postSolution
		SolutionGuid = {43898ED1-B185-482A-A70C-4280E523C596}
	EndGlobalSection
EndGlobal
